
Microsoft Visual Studio Solution File, Format Version 12.00
# Visual Studio 15
VisualStudioVersion = 15.0.27428.2037
MinimumVisualStudioVersion = 10.0.40219.1
Project("{FAE04EC0-301F-11D3-BF4B-00C04F79EFBC}") = "FinalApp.Android", "FinalApp\FinalApp.Android\FinalApp.Android.csproj", "{2D8B1EFA-382B-46C2-B006-890D2457B10B}"
EndProject
Project("{FAE04EC0-301F-11D3-BF4B-00C04F79EFBC}") = "FinalApp.iOS", "FinalApp\FinalApp.iOS\FinalApp.iOS.csproj", "{78D25A28-36D1-4858-B0C5-9E252775E57C}"
EndProject
Project("{FAE04EC0-301F-11D3-BF4B-00C04F79EFBC}") = "FinalApp.UWP", "FinalApp\FinalApp.UWP\FinalApp.UWP.csproj", "{9A065669-CD33-4F2D-BFC8-16F62AE116B1}"
EndProject
Project("{FAE04EC0-301F-11D3-BF4B-00C04F79EFBC}") = "FinalApp", "FinalApp\FinalApp\FinalApp.csproj", "{528192ED-EC17-4A37-BD3C-09ED3FC17DB5}"
EndProject
Global
	GlobalSection(SolutionConfigurationPlatforms) = preSolution
		Ad-Hoc|Any CPU = Ad-Hoc|Any CPU
		Ad-Hoc|ARM = Ad-Hoc|ARM
		Ad-Hoc|iPhone = Ad-Hoc|iPhone
		Ad-Hoc|iPhoneSimulator = Ad-Hoc|iPhoneSimulator
		Ad-Hoc|x64 = Ad-Hoc|x64
		Ad-Hoc|x86 = Ad-Hoc|x86
		AppStore|Any CPU = AppStore|Any CPU
		AppStore|ARM = AppStore|ARM
		AppStore|iPhone = AppStore|iPhone
		AppStore|iPhoneSimulator = AppStore|iPhoneSimulator
		AppStore|x64 = AppStore|x64
		AppStore|x86 = AppStore|x86
		Debug|Any CPU = Debug|Any CPU
		Debug|ARM = Debug|ARM
		Debug|iPhone = Debug|iPhone
		Debug|iPhoneSimulator = Debug|iPhoneSimulator
		Debug|x64 = Debug|x64
		Debug|x86 = Debug|x86
		Release|Any CPU = Release|Any CPU
		Release|ARM = Release|ARM
		Release|iPhone = Release|iPhone
		Release|iPhoneSimulator = Release|iPhoneSimulator
		Release|x64 = Release|x64
		Release|x86 = Release|x86
	EndGlobalSection
	GlobalSection(ProjectConfigurationPlatforms) = postSolution
		{2D8B1EFA-382B-46C2-B006-890D2457B10B}.Ad-Hoc|Any CPU.ActiveCfg = Release|Any CPU
		{2D8B1EFA-382B-46C2-B006-890D2457B10B}.Ad-Hoc|Any CPU.Build.0 = Release|Any CPU
		{2D8B1EFA-382B-46C2-B006-890D2457B10B}.Ad-Hoc|Any CPU.Deploy.0 = Release|Any CPU
		{2D8B1EFA-382B-46C2-B006-890D2457B10B}.Ad-Hoc|ARM.ActiveCfg = Release|Any CPU
		{2D8B1EFA-382B-46C2-B006-890D2457B10B}.Ad-Hoc|ARM.Build.0 = Release|Any CPU
		{2D8B1EFA-382B-46C2-B006-890D2457B10B}.Ad-Hoc|ARM.Deploy.0 = Release|Any CPU
		{2D8B1EFA-382B-46C2-B006-890D2457B10B}.Ad-Hoc|iPhone.ActiveCfg = Release|Any CPU
		{2D8B1EFA-382B-46C2-B006-890D2457B10B}.Ad-Hoc|iPhone.Build.0 = Release|Any CPU
		{2D8B1EFA-382B-46C2-B006-890D2457B10B}.Ad-Hoc|iPhone.Deploy.0 = Release|Any CPU
		{2D8B1EFA-382B-46C2-B006-890D2457B10B}.Ad-Hoc|iPhoneSimulator.ActiveCfg = Release|Any CPU
		{2D8B1EFA-382B-46C2-B006-890D2457B10B}.Ad-Hoc|iPhoneSimulator.Build.0 = Release|Any CPU
		{2D8B1EFA-382B-46C2-B006-890D2457B10B}.Ad-Hoc|iPhoneSimulator.Deploy.0 = Release|Any CPU
		{2D8B1EFA-382B-46C2-B006-890D2457B10B}.Ad-Hoc|x64.ActiveCfg = Release|Any CPU
		{2D8B1EFA-382B-46C2-B006-890D2457B10B}.Ad-Hoc|x64.Build.0 = Release|Any CPU
		{2D8B1EFA-382B-46C2-B006-890D2457B10B}.Ad-Hoc|x64.Deploy.0 = Release|Any CPU
		{2D8B1EFA-382B-46C2-B006-890D2457B10B}.Ad-Hoc|x86.ActiveCfg = Release|Any CPU
		{2D8B1EFA-382B-46C2-B006-890D2457B10B}.Ad-Hoc|x86.Build.0 = Release|Any CPU
		{2D8B1EFA-382B-46C2-B006-890D2457B10B}.Ad-Hoc|x86.Deploy.0 = Release|Any CPU
		{2D8B1EFA-382B-46C2-B006-890D2457B10B}.AppStore|Any CPU.ActiveCfg = Release|Any CPU
		{2D8B1EFA-382B-46C2-B006-890D2457B10B}.AppStore|Any CPU.Build.0 = Release|Any CPU
		{2D8B1EFA-382B-46C2-B006-890D2457B10B}.AppStore|Any CPU.Deploy.0 = Release|Any CPU
		{2D8B1EFA-382B-46C2-B006-890D2457B10B}.AppStore|ARM.ActiveCfg = Release|Any CPU
		{2D8B1EFA-382B-46C2-B006-890D2457B10B}.AppStore|ARM.Build.0 = Release|Any CPU
		{2D8B1EFA-382B-46C2-B006-890D2457B10B}.AppStore|ARM.Deploy.0 = Release|Any CPU
		{2D8B1EFA-382B-46C2-B006-890D2457B10B}.AppStore|iPhone.ActiveCfg = Release|Any CPU
		{2D8B1EFA-382B-46C2-B006-890D2457B10B}.AppStore|iPhone.Build.0 = Release|Any CPU
		{2D8B1EFA-382B-46C2-B006-890D2457B10B}.AppStore|iPhone.Deploy.0 = Release|Any CPU
		{2D8B1EFA-382B-46C2-B006-890D2457B10B}.AppStore|iPhoneSimulator.ActiveCfg = Release|Any CPU
		{2D8B1EFA-382B-46C2-B006-890D2457B10B}.AppStore|iPhoneSimulator.Build.0 = Release|Any CPU
		{2D8B1EFA-382B-46C2-B006-890D2457B10B}.AppStore|iPhoneSimulator.Deploy.0 = Release|Any CPU
		{2D8B1EFA-382B-46C2-B006-890D2457B10B}.AppStore|x64.ActiveCfg = Release|Any CPU
		{2D8B1EFA-382B-46C2-B006-890D2457B10B}.AppStore|x64.Build.0 = Release|Any CPU
		{2D8B1EFA-382B-46C2-B006-890D2457B10B}.AppStore|x64.Deploy.0 = Release|Any CPU
		{2D8B1EFA-382B-46C2-B006-890D2457B10B}.AppStore|x86.ActiveCfg = Release|Any CPU
		{2D8B1EFA-382B-46C2-B006-890D2457B10B}.AppStore|x86.Build.0 = Release|Any CPU
		{2D8B1EFA-382B-46C2-B006-890D2457B10B}.AppStore|x86.Deploy.0 = Release|Any CPU
		{2D8B1EFA-382B-46C2-B006-890D2457B10B}.Debug|Any CPU.ActiveCfg = Debug|Any CPU
		{2D8B1EFA-382B-46C2-B006-890D2457B10B}.Debug|Any CPU.Build.0 = Debug|Any CPU
		{2D8B1EFA-382B-46C2-B006-890D2457B10B}.Debug|Any CPU.Deploy.0 = Debug|Any CPU
		{2D8B1EFA-382B-46C2-B006-890D2457B10B}.Debug|ARM.ActiveCfg = Debug|Any CPU
		{2D8B1EFA-382B-46C2-B006-890D2457B10B}.Debug|ARM.Build.0 = Debug|Any CPU
		{2D8B1EFA-382B-46C2-B006-890D2457B10B}.Debug|ARM.Deploy.0 = Debug|Any CPU
		{2D8B1EFA-382B-46C2-B006-890D2457B10B}.Debug|iPhone.ActiveCfg = Debug|Any CPU
		{2D8B1EFA-382B-46C2-B006-890D2457B10B}.Debug|iPhone.Build.0 = Debug|Any CPU
		{2D8B1EFA-382B-46C2-B006-890D2457B10B}.Debug|iPhone.Deploy.0 = Debug|Any CPU
		{2D8B1EFA-382B-46C2-B006-890D2457B10B}.Debug|iPhoneSimulator.ActiveCfg = Debug|Any CPU
		{2D8B1EFA-382B-46C2-B006-890D2457B10B}.Debug|iPhoneSimulator.Build.0 = Debug|Any CPU
		{2D8B1EFA-382B-46C2-B006-890D2457B10B}.Debug|iPhoneSimulator.Deploy.0 = Debug|Any CPU
		{2D8B1EFA-382B-46C2-B006-890D2457B10B}.Debug|x64.ActiveCfg = Debug|Any CPU
		{2D8B1EFA-382B-46C2-B006-890D2457B10B}.Debug|x64.Build.0 = Debug|Any CPU
		{2D8B1EFA-382B-46C2-B006-890D2457B10B}.Debug|x64.Deploy.0 = Debug|Any CPU
		{2D8B1EFA-382B-46C2-B006-890D2457B10B}.Debug|x86.ActiveCfg = Debug|Any CPU
		{2D8B1EFA-382B-46C2-B006-890D2457B10B}.Debug|x86.Build.0 = Debug|Any CPU
		{2D8B1EFA-382B-46C2-B006-890D2457B10B}.Debug|x86.Deploy.0 = Debug|Any CPU
		{2D8B1EFA-382B-46C2-B006-890D2457B10B}.Release|Any CPU.ActiveCfg = Release|Any CPU
		{2D8B1EFA-382B-46C2-B006-890D2457B10B}.Release|Any CPU.Build.0 = Release|Any CPU
		{2D8B1EFA-382B-46C2-B006-890D2457B10B}.Release|Any CPU.Deploy.0 = Release|Any CPU
		{2D8B1EFA-382B-46C2-B006-890D2457B10B}.Release|ARM.ActiveCfg = Release|Any CPU
		{2D8B1EFA-382B-46C2-B006-890D2457B10B}.Release|ARM.Build.0 = Release|Any CPU
		{2D8B1EFA-382B-46C2-B006-890D2457B10B}.Release|ARM.Deploy.0 = Release|Any CPU
		{2D8B1EFA-382B-46C2-B006-890D2457B10B}.Release|iPhone.ActiveCfg = Release|Any CPU
		{2D8B1EFA-382B-46C2-B006-890D2457B10B}.Release|iPhone.Build.0 = Release|Any CPU
		{2D8B1EFA-382B-46C2-B006-890D2457B10B}.Release|iPhone.Deploy.0 = Release|Any CPU
		{2D8B1EFA-382B-46C2-B006-890D2457B10B}.Release|iPhoneSimulator.ActiveCfg = Release|Any CPU
		{2D8B1EFA-382B-46C2-B006-890D2457B10B}.Release|iPhoneSimulator.Build.0 = Release|Any CPU
		{2D8B1EFA-382B-46C2-B006-890D2457B10B}.Release|iPhoneSimulator.Deploy.0 = Release|Any CPU
		{2D8B1EFA-382B-46C2-B006-890D2457B10B}.Release|x64.ActiveCfg = Release|Any CPU
		{2D8B1EFA-382B-46C2-B006-890D2457B10B}.Release|x64.Build.0 = Release|Any CPU
		{2D8B1EFA-382B-46C2-B006-890D2457B10B}.Release|x64.Deploy.0 = Release|Any CPU
		{2D8B1EFA-382B-46C2-B006-890D2457B10B}.Release|x86.ActiveCfg = Release|Any CPU
		{2D8B1EFA-382B-46C2-B006-890D2457B10B}.Release|x86.Build.0 = Release|Any CPU
		{2D8B1EFA-382B-46C2-B006-890D2457B10B}.Release|x86.Deploy.0 = Release|Any CPU
		{78D25A28-36D1-4858-B0C5-9E252775E57C}.Ad-Hoc|Any CPU.ActiveCfg = Ad-Hoc|iPhone
		{78D25A28-36D1-4858-B0C5-9E252775E57C}.Ad-Hoc|ARM.ActiveCfg = Ad-Hoc|iPhone
		{78D25A28-36D1-4858-B0C5-9E252775E57C}.Ad-Hoc|iPhone.ActiveCfg = Ad-Hoc|iPhone
		{78D25A28-36D1-4858-B0C5-9E252775E57C}.Ad-Hoc|iPhone.Build.0 = Ad-Hoc|iPhone
		{78D25A28-36D1-4858-B0C5-9E252775E57C}.Ad-Hoc|iPhoneSimulator.ActiveCfg = Ad-Hoc|iPhoneSimulator
		{78D25A28-36D1-4858-B0C5-9E252775E57C}.Ad-Hoc|iPhoneSimulator.Build.0 = Ad-Hoc|iPhoneSimulator
		{78D25A28-36D1-4858-B0C5-9E252775E57C}.Ad-Hoc|x64.ActiveCfg = Ad-Hoc|iPhone
		{78D25A28-36D1-4858-B0C5-9E252775E57C}.Ad-Hoc|x86.ActiveCfg = Ad-Hoc|iPhone
		{78D25A28-36D1-4858-B0C5-9E252775E57C}.AppStore|Any CPU.ActiveCfg = AppStore|iPhone
		{78D25A28-36D1-4858-B0C5-9E252775E57C}.AppStore|ARM.ActiveCfg = AppStore|iPhone
		{78D25A28-36D1-4858-B0C5-9E252775E57C}.AppStore|iPhone.ActiveCfg = AppStore|iPhone
		{78D25A28-36D1-4858-B0C5-9E252775E57C}.AppStore|iPhone.Build.0 = AppStore|iPhone
		{78D25A28-36D1-4858-B0C5-9E252775E57C}.AppStore|iPhoneSimulator.ActiveCfg = AppStore|iPhoneSimulator
		{78D25A28-36D1-4858-B0C5-9E252775E57C}.AppStore|iPhoneSimulator.Build.0 = AppStore|iPhoneSimulator
		{78D25A28-36D1-4858-B0C5-9E252775E57C}.AppStore|x64.ActiveCfg = AppStore|iPhone
		{78D25A28-36D1-4858-B0C5-9E252775E57C}.AppStore|x86.ActiveCfg = AppStore|iPhone
		{78D25A28-36D1-4858-B0C5-9E252775E57C}.Debug|Any CPU.ActiveCfg = Debug|iPhone
		{78D25A28-36D1-4858-B0C5-9E252775E57C}.Debug|ARM.ActiveCfg = Debug|iPhone
		{78D25A28-36D1-4858-B0C5-9E252775E57C}.Debug|iPhone.ActiveCfg = Debug|iPhone
		{78D25A28-36D1-4858-B0C5-9E252775E57C}.Debug|iPhone.Build.0 = Debug|iPhone
		{78D25A28-36D1-4858-B0C5-9E252775E57C}.Debug|iPhoneSimulator.ActiveCfg = Debug|iPhoneSimulator
		{78D25A28-36D1-4858-B0C5-9E252775E57C}.Debug|iPhoneSimulator.Build.0 = Debug|iPhoneSimulator
		{78D25A28-36D1-4858-B0C5-9E252775E57C}.Debug|x64.ActiveCfg = Debug|iPhone
		{78D25A28-36D1-4858-B0C5-9E252775E57C}.Debug|x86.ActiveCfg = Debug|iPhone
		{78D25A28-36D1-4858-B0C5-9E252775E57C}.Release|Any CPU.ActiveCfg = Release|iPhone
		{78D25A28-36D1-4858-B0C5-9E252775E57C}.Release|ARM.ActiveCfg = Release|iPhone
		{78D25A28-36D1-4858-B0C5-9E252775E57C}.Release|iPhone.ActiveCfg = Release|iPhone
		{78D25A28-36D1-4858-B0C5-9E252775E57C}.Release|iPhone.Build.0 = Release|iPhone
		{78D25A28-36D1-4858-B0C5-9E252775E57C}.Release|iPhoneSimulator.ActiveCfg = Release|iPhoneSimulator
		{78D25A28-36D1-4858-B0C5-9E252775E57C}.Release|iPhoneSimulator.Build.0 = Release|iPhoneSimulator
		{78D25A28-36D1-4858-B0C5-9E252775E57C}.Release|x64.ActiveCfg = Release|iPhone
		{78D25A28-36D1-4858-B0C5-9E252775E57C}.Release|x86.ActiveCfg = Release|iPhone
		{9A065669-CD33-4F2D-BFC8-16F62AE116B1}.Ad-Hoc|Any CPU.ActiveCfg = Release|x86
		{9A065669-CD33-4F2D-BFC8-16F62AE116B1}.Ad-Hoc|Any CPU.Build.0 = Release|x86
		{9A065669-CD33-4F2D-BFC8-16F62AE116B1}.Ad-Hoc|Any CPU.Deploy.0 = Release|x86
		{9A065669-CD33-4F2D-BFC8-16F62AE116B1}.Ad-Hoc|ARM.ActiveCfg = Release|ARM
		{9A065669-CD33-4F2D-BFC8-16F62AE116B1}.Ad-Hoc|ARM.Build.0 = Release|ARM
		{9A065669-CD33-4F2D-BFC8-16F62AE116B1}.Ad-Hoc|ARM.Deploy.0 = Release|ARM
		{9A065669-CD33-4F2D-BFC8-16F62AE116B1}.Ad-Hoc|iPhone.ActiveCfg = Release|x86
		{9A065669-CD33-4F2D-BFC8-16F62AE116B1}.Ad-Hoc|iPhone.Build.0 = Release|x86
		{9A065669-CD33-4F2D-BFC8-16F62AE116B1}.Ad-Hoc|iPhone.Deploy.0 = Release|x86
		{9A065669-CD33-4F2D-BFC8-16F62AE116B1}.Ad-Hoc|iPhoneSimulator.ActiveCfg = Release|x86
		{9A065669-CD33-4F2D-BFC8-16F62AE116B1}.Ad-Hoc|iPhoneSimulator.Build.0 = Release|x86
		{9A065669-CD33-4F2D-BFC8-16F62AE116B1}.Ad-Hoc|iPhoneSimulator.Deploy.0 = Release|x86
		{9A065669-CD33-4F2D-BFC8-16F62AE116B1}.Ad-Hoc|x64.ActiveCfg = Release|x64
		{9A065669-CD33-4F2D-BFC8-16F62AE116B1}.Ad-Hoc|x64.Build.0 = Release|x64
		{9A065669-CD33-4F2D-BFC8-16F62AE116B1}.Ad-Hoc|x64.Deploy.0 = Release|x64
		{9A065669-CD33-4F2D-BFC8-16F62AE116B1}.Ad-Hoc|x86.ActiveCfg = Release|x86
		{9A065669-CD33-4F2D-BFC8-16F62AE116B1}.Ad-Hoc|x86.Build.0 = Release|x86
		{9A065669-CD33-4F2D-BFC8-16F62AE116B1}.Ad-Hoc|x86.Deploy.0 = Release|x86
		{9A065669-CD33-4F2D-BFC8-16F62AE116B1}.AppStore|Any CPU.ActiveCfg = Release|x86
		{9A065669-CD33-4F2D-BFC8-16F62AE116B1}.AppStore|Any CPU.Build.0 = Release|x86
		{9A065669-CD33-4F2D-BFC8-16F62AE116B1}.AppStore|Any CPU.Deploy.0 = Release|x86
		{9A065669-CD33-4F2D-BFC8-16F62AE116B1}.AppStore|ARM.ActiveCfg = Release|ARM
		{9A065669-CD33-4F2D-BFC8-16F62AE116B1}.AppStore|ARM.Build.0 = Release|ARM
		{9A065669-CD33-4F2D-BFC8-16F62AE116B1}.AppStore|ARM.Deploy.0 = Release|ARM
		{9A065669-CD33-4F2D-BFC8-16F62AE116B1}.AppStore|iPhone.ActiveCfg = Release|x86
		{9A065669-CD33-4F2D-BFC8-16F62AE116B1}.AppStore|iPhone.Build.0 = Release|x86
		{9A065669-CD33-4F2D-BFC8-16F62AE116B1}.AppStore|iPhone.Deploy.0 = Release|x86
		{9A065669-CD33-4F2D-BFC8-16F62AE116B1}.AppStore|iPhoneSimulator.ActiveCfg = Release|x86
		{9A065669-CD33-4F2D-BFC8-16F62AE116B1}.AppStore|iPhoneSimulator.Build.0 = Release|x86
		{9A065669-CD33-4F2D-BFC8-16F62AE116B1}.AppStore|iPhoneSimulator.Deploy.0 = Release|x86
		{9A065669-CD33-4F2D-BFC8-16F62AE116B1}.AppStore|x64.ActiveCfg = Release|x64
		{9A065669-CD33-4F2D-BFC8-16F62AE116B1}.AppStore|x64.Build.0 = Release|x64
		{9A065669-CD33-4F2D-BFC8-16F62AE116B1}.AppStore|x64.Deploy.0 = Release|x64
		{9A065669-CD33-4F2D-BFC8-16F62AE116B1}.AppStore|x86.ActiveCfg = Release|x86
		{9A065669-CD33-4F2D-BFC8-16F62AE116B1}.AppStore|x86.Build.0 = Release|x86
		{9A065669-CD33-4F2D-BFC8-16F62AE116B1}.AppStore|x86.Deploy.0 = Release|x86
		{9A065669-CD33-4F2D-BFC8-16F62AE116B1}.Debug|Any CPU.ActiveCfg = Debug|x86
		{9A065669-CD33-4F2D-BFC8-16F62AE116B1}.Debug|ARM.ActiveCfg = Debug|ARM
		{9A065669-CD33-4F2D-BFC8-16F62AE116B1}.Debug|ARM.Build.0 = Debug|ARM
		{9A065669-CD33-4F2D-BFC8-16F62AE116B1}.Debug|ARM.Deploy.0 = Debug|ARM
		{9A065669-CD33-4F2D-BFC8-16F62AE116B1}.Debug|iPhone.ActiveCfg = Debug|x86
		{9A065669-CD33-4F2D-BFC8-16F62AE116B1}.Debug|iPhoneSimulator.ActiveCfg = Debug|x86
		{9A065669-CD33-4F2D-BFC8-16F62AE116B1}.Debug|x64.ActiveCfg = Debug|x64
		{9A065669-CD33-4F2D-BFC8-16F62AE116B1}.Debug|x64.Build.0 = Debug|x64
		{9A065669-CD33-4F2D-BFC8-16F62AE116B1}.Debug|x64.Deploy.0 = Debug|x64
		{9A065669-CD33-4F2D-BFC8-16F62AE116B1}.Debug|x86.ActiveCfg = Debug|x86
		{9A065669-CD33-4F2D-BFC8-16F62AE116B1}.Debug|x86.Build.0 = Debug|x86
		{9A065669-CD33-4F2D-BFC8-16F62AE116B1}.Debug|x86.Deploy.0 = Debug|x86
		{9A065669-CD33-4F2D-BFC8-16F62AE116B1}.Release|Any CPU.ActiveCfg = Release|x86
		{9A065669-CD33-4F2D-BFC8-16F62AE116B1}.Release|ARM.ActiveCfg = Release|ARM
		{9A065669-CD33-4F2D-BFC8-16F62AE116B1}.Release|ARM.Build.0 = Release|ARM
		{9A065669-CD33-4F2D-BFC8-16F62AE116B1}.Release|ARM.Deploy.0 = Release|ARM
		{9A065669-CD33-4F2D-BFC8-16F62AE116B1}.Release|iPhone.ActiveCfg = Release|x86
		{9A065669-CD33-4F2D-BFC8-16F62AE116B1}.Release|iPhoneSimulator.ActiveCfg = Release|x86
		{9A065669-CD33-4F2D-BFC8-16F62AE116B1}.Release|x64.ActiveCfg = Release|x64
		{9A065669-CD33-4F2D-BFC8-16F62AE116B1}.Release|x64.Build.0 = Release|x64
		{9A065669-CD33-4F2D-BFC8-16F62AE116B1}.Release|x64.Deploy.0 = Release|x64
		{9A065669-CD33-4F2D-BFC8-16F62AE116B1}.Release|x86.ActiveCfg = Release|x86
		{9A065669-CD33-4F2D-BFC8-16F62AE116B1}.Release|x86.Build.0 = Release|x86
		{9A065669-CD33-4F2D-BFC8-16F62AE116B1}.Release|x86.Deploy.0 = Release|x86
		{528192ED-EC17-4A37-BD3C-09ED3FC17DB5}.Ad-Hoc|Any CPU.ActiveCfg = Debug|Any CPU
		{528192ED-EC17-4A37-BD3C-09ED3FC17DB5}.Ad-Hoc|Any CPU.Build.0 = Debug|Any CPU
		{528192ED-EC17-4A37-BD3C-09ED3FC17DB5}.Ad-Hoc|ARM.ActiveCfg = Debug|Any CPU
		{528192ED-EC17-4A37-BD3C-09ED3FC17DB5}.Ad-Hoc|ARM.Build.0 = Debug|Any CPU
		{528192ED-EC17-4A37-BD3C-09ED3FC17DB5}.Ad-Hoc|iPhone.ActiveCfg = Debug|Any CPU
		{528192ED-EC17-4A37-BD3C-09ED3FC17DB5}.Ad-Hoc|iPhone.Build.0 = Debug|Any CPU
		{528192ED-EC17-4A37-BD3C-09ED3FC17DB5}.Ad-Hoc|iPhoneSimulator.ActiveCfg = Debug|Any CPU
		{528192ED-EC17-4A37-BD3C-09ED3FC17DB5}.Ad-Hoc|iPhoneSimulator.Build.0 = Debug|Any CPU
		{528192ED-EC17-4A37-BD3C-09ED3FC17DB5}.Ad-Hoc|x64.ActiveCfg = Debug|Any CPU
		{528192ED-EC17-4A37-BD3C-09ED3FC17DB5}.Ad-Hoc|x64.Build.0 = Debug|Any CPU
		{528192ED-EC17-4A37-BD3C-09ED3FC17DB5}.Ad-Hoc|x86.ActiveCfg = Debug|Any CPU
		{528192ED-EC17-4A37-BD3C-09ED3FC17DB5}.Ad-Hoc|x86.Build.0 = Debug|Any CPU
		{528192ED-EC17-4A37-BD3C-09ED3FC17DB5}.AppStore|Any CPU.ActiveCfg = Debug|Any CPU
		{528192ED-EC17-4A37-BD3C-09ED3FC17DB5}.AppStore|Any CPU.Build.0 = Debug|Any CPU
		{528192ED-EC17-4A37-BD3C-09ED3FC17DB5}.AppStore|ARM.ActiveCfg = Debug|Any CPU
		{528192ED-EC17-4A37-BD3C-09ED3FC17DB5}.AppStore|ARM.Build.0 = Debug|Any CPU
		{528192ED-EC17-4A37-BD3C-09ED3FC17DB5}.AppStore|iPhone.ActiveCfg = Debug|Any CPU
		{528192ED-EC17-4A37-BD3C-09ED3FC17DB5}.AppStore|iPhone.Build.0 = Debug|Any CPU
		{528192ED-EC17-4A37-BD3C-09ED3FC17DB5}.AppStore|iPhoneSimulator.ActiveCfg = Debug|Any CPU
		{528192ED-EC17-4A37-BD3C-09ED3FC17DB5}.AppStore|iPhoneSimulator.Build.0 = Debug|Any CPU
		{528192ED-EC17-4A37-BD3C-09ED3FC17DB5}.AppStore|x64.ActiveCfg = Debug|Any CPU
		{528192ED-EC17-4A37-BD3C-09ED3FC17DB5}.AppStore|x64.Build.0 = Debug|Any CPU
		{528192ED-EC17-4A37-BD3C-09ED3FC17DB5}.AppStore|x86.ActiveCfg = Debug|Any CPU
		{528192ED-EC17-4A37-BD3C-09ED3FC17DB5}.AppStore|x86.Build.0 = Debug|Any CPU
		{528192ED-EC17-4A37-BD3C-09ED3FC17DB5}.Debug|Any CPU.ActiveCfg = Debug|Any CPU
		{528192ED-EC17-4A37-BD3C-09ED3FC17DB5}.Debug|Any CPU.Build.0 = Debug|Any CPU
		{528192ED-EC17-4A37-BD3C-09ED3FC17DB5}.Debug|ARM.ActiveCfg = Debug|Any CPU
		{528192ED-EC17-4A37-BD3C-09ED3FC17DB5}.Debug|ARM.Build.0 = Debug|Any CPU
		{528192ED-EC17-4A37-BD3C-09ED3FC17DB5}.Debug|iPhone.ActiveCfg = Debug|Any CPU
		{528192ED-EC17-4A37-BD3C-09ED3FC17DB5}.Debug|iPhone.Build.0 = Debug|Any CPU
		{528192ED-EC17-4A37-BD3C-09ED3FC17DB5}.Debug|iPhoneSimulator.ActiveCfg = Debug|Any CPU
		{528192ED-EC17-4A37-BD3C-09ED3FC17DB5}.Debug|iPhoneSimulator.Build.0 = Debug|Any CPU
		{528192ED-EC17-4A37-BD3C-09ED3FC17DB5}.Debug|x64.ActiveCfg = Debug|Any CPU
		{528192ED-EC17-4A37-BD3C-09ED3FC17DB5}.Debug|x64.Build.0 = Debug|Any CPU
		{528192ED-EC17-4A37-BD3C-09ED3FC17DB5}.Debug|x86.ActiveCfg = Debug|Any CPU
		{528192ED-EC17-4A37-BD3C-09ED3FC17DB5}.Debug|x86.Build.0 = Debug|Any CPU
		{528192ED-EC17-4A37-BD3C-09ED3FC17DB5}.Release|Any CPU.ActiveCfg = Release|Any CPU
		{528192ED-EC17-4A37-BD3C-09ED3FC17DB5}.Release|Any CPU.Build.0 = Release|Any CPU
		{528192ED-EC17-4A37-BD3C-09ED3FC17DB5}.Release|ARM.ActiveCfg = Release|Any CPU
		{528192ED-EC17-4A37-BD3C-09ED3FC17DB5}.Release|ARM.Build.0 = Release|Any CPU
		{528192ED-EC17-4A37-BD3C-09ED3FC17DB5}.Release|iPhone.ActiveCfg = Release|Any CPU
		{528192ED-EC17-4A37-BD3C-09ED3FC17DB5}.Release|iPhone.Build.0 = Release|Any CPU
		{528192ED-EC17-4A37-BD3C-09ED3FC17DB5}.Release|iPhoneSimulator.ActiveCfg = Release|Any CPU
		{528192ED-EC17-4A37-BD3C-09ED3FC17DB5}.Release|iPhoneSimulator.Build.0 = Release|Any CPU
		{528192ED-EC17-4A37-BD3C-09ED3FC17DB5}.Release|x64.ActiveCfg = Release|Any CPU
		{528192ED-EC17-4A37-BD3C-09ED3FC17DB5}.Release|x64.Build.0 = Release|Any CPU
		{528192ED-EC17-4A37-BD3C-09ED3FC17DB5}.Release|x86.ActiveCfg = Release|Any CPU
		{528192ED-EC17-4A37-BD3C-09ED3FC17DB5}.Release|x86.Build.0 = Release|Any CPU
	EndGlobalSection
	GlobalSection(SolutionProperties) = preSolution
		HideSolutionNode = FALSE
	EndGlobalSection
	GlobalSection(ExtensibilityGlobals) = postSolution
		SolutionGuid = {3CB4DACC-7E00-48B7-A974-BD216D9FDCE9}
	EndGlobalSection
EndGlobal
